
Microsoft Visual Studio Solution File, Format Version 12.00
# Visual Studio 15
VisualStudioVersion = 15.0.28010.2050
MinimumVisualStudioVersion = 10.0.40219.1
Project("{9A19103F-16F7-4668-BE54-9A1E7A4F7556}") = "ToDoWebApp", "ToDoWebApp\ToDoWebApp.csproj", "{63BAA328-15CF-429B-BAA5-09403A7E10BD}"
EndProject
Project("{E53339B2-1760-4266-BCC7-CA923CBCF16C}") = "docker-compose", "docker-compose.dcproj", "{7D036F04-CAC5-419C-BED6-9734DEB72C80}"
EndProject
Project("{FAE04EC0-301F-11D3-BF4B-00C04F79EFBC}") = "TodoWebApp.Test", "TodoWebApp.Test\TodoWebApp.Test.csproj", "{1AEDAAFB-FBF4-4704-8F5D-D9BD82CFE018}"
EndProject
Global
	GlobalSection(SolutionConfigurationPlatforms) = preSolution
		Debug|Any CPU = Debug|Any CPU
		Release|Any CPU = Release|Any CPU
	EndGlobalSection
	GlobalSection(ProjectConfigurationPlatforms) = postSolution
		{63BAA328-15CF-429B-BAA5-09403A7E10BD}.Debug|Any CPU.ActiveCfg = Debug|Any CPU
		{63BAA328-15CF-429B-BAA5-09403A7E10BD}.Debug|Any CPU.Build.0 = Debug|Any CPU
		{63BAA328-15CF-429B-BAA5-09403A7E10BD}.Release|Any CPU.ActiveCfg = Release|Any CPU
		{63BAA328-15CF-429B-BAA5-09403A7E10BD}.Release|Any CPU.Build.0 = Release|Any CPU
		{7D036F04-CAC5-419C-BED6-9734DEB72C80}.Debug|Any CPU.ActiveCfg = Debug|Any CPU
		{7D036F04-CAC5-419C-BED6-9734DEB72C80}.Debug|Any CPU.Build.0 = Debug|Any CPU
		{7D036F04-CAC5-419C-BED6-9734DEB72C80}.Release|Any CPU.ActiveCfg = Release|Any CPU
		{7D036F04-CAC5-419C-BED6-9734DEB72C80}.Release|Any CPU.Build.0 = Release|Any CPU
		{1AEDAAFB-FBF4-4704-8F5D-D9BD82CFE018}.Debug|Any CPU.ActiveCfg = Debug|Any CPU
		{1AEDAAFB-FBF4-4704-8F5D-D9BD82CFE018}.Debug|Any CPU.Build.0 = Debug|Any CPU
		{1AEDAAFB-FBF4-4704-8F5D-D9BD82CFE018}.Release|Any CPU.ActiveCfg = Release|Any CPU
		{1AEDAAFB-FBF4-4704-8F5D-D9BD82CFE018}.Release|Any CPU.Build.0 = Release|Any CPU
	EndGlobalSection
	GlobalSection(SolutionProperties) = preSolution
		HideSolutionNode = FALSE
	EndGlobalSection
	GlobalSection(ExtensibilityGlobals) = postSolution
		SolutionGuid = {9EE5DE89-F9B0-40B3-B83B-4329D9B5C752}
	EndGlobalSection
EndGlobal
